github.com/golang-sql/civil v0.0.0-20220223132316-b832511892a9 h1:au07oEsX2xN0ktber/93PHvzmPR7wTR9qLmNHeGEPcWs=
github.com/golang-sql/civil v0.0.0-20220223132316-b832511892a9/go.mod h1:8vg3r2VgvsThLBIFL93Qb5yWzgyZWhEmBwUJWevAkK0=
github.com/golang-sql/sqlexp v0.1.0 h1:ZCD6MBpcuOVfGVqsEmY5/4FtYiKz6tByUBN8T8YNos0=
github.com/golang-sql/sqlexp v0.1.0/go.mod h1:J4ad9Vo8ZCWQ2GMrC4UCQy1JpCbwU9m3EOqtpKwwBJI=
github.com/microsoft/go-mssqldb v1.7.2 h1:CHkCJiKMtOORBJENBmgmFdnNMOk6YaBpQkv56apUUzg=
github.com/microsoft/go-mssqldb v1.7.2/go.mod h1:kOvZKUdrhhFQmxLZqbwUV0rHkMkPfWjEV8GBjTLzBLc=
golang.org/x/crypto v0.24.0 h1:mnl8DM0o513X8fdIkmyFE/5hTYxbwYOjDS/5gHSHVRc=
golang.org/x/crypto v0.24.0/go.mod h1:s9/ZfqdLR2FHv9Ags2bCzaNXx/x5VhGe5MI5MXLq0PY=
golang.org/x/text v0.16.0 h1:a94ExnEXNtEwYLGJSIUxnWoxoRz/ZcCsV63ROupILh4=
golang.org/x/text v0.16.0/go.mod h1:GhwF1Be+LQoKShO3mGOzlSCf5I0c8virYmFgCFRkXbQ=
